<?xml version="1.0" encoding="utf-8"?>
<Project ToolsVersion="4.0" xmlns="http://schemas.microsoft.com/developer/msbuild/2003">
  <ItemGroup>
    <Filter Include="Source Files">
      <UniqueIdentifier>{4FC737F1-C7A5-4376-A066-2A32D752A2FF}</UniqueIdentifier>
      <Extensions>cpp;c;cc;cxx;c++;cppm;ixx;def;odl;idl;hpj;bat;asm;asmx</Extensions>
    </Filter>
    <Filter Include="Header Files">
      <UniqueIdentifier>{93995380-89BD-4b04-88EB-625FBE52EBFB}</UniqueIdentifier>
      <Extensions>h;hh;hpp;hxx;h++;hm;inl;inc;ipp;xsd</Extensions>
    </Filter>
    <Filter Include="Resource Files">
      <UniqueIdentifier>{67DA6AB6-F800-4c08-8B7A-83BB121AAD01}</UniqueIdentifier>
      <Extensions>rc;ico;cur;bmp;dlg;rc2;rct;bin;rgs;gif;jpg;jpeg;jpe;resx;tiff;tif;png;wav;mfcribbon-ms</Extensions>
    </Filter>
    <Filter Include="Header Files\PixSDLib">
      <UniqueIdentifier>{303a25ac-8cfc-425c-88a2-e75e95476bab}</UniqueIdentifier>
    </Filter>
    <Filter Include="Source Files\TestGame">
      <UniqueIdentifier>{6697ab39-6d6f-4c0e-87f0-fd5478c7f71c}</UniqueIdentifier>
    </Filter>
    <Filter Include="Source Files\PixSDLib">
      <UniqueIdentifier>{01eccef5-95f7-4a22-9a8c-137ca2726a04}</UniqueIdentifier>
    </Filter>
    <Filter Include="Header Files\TestGame">
      <UniqueIdentifier>{814b9c5b-3a6a-44ee-8926-48ea245bebec}</UniqueIdentifier>
    </Filter>
    <Filter Include="Source Files\PixSDLib\Singletons">
      <UniqueIdentifier>{3c5b32aa-f887-4070-a605-024dbd5a6c4b}</UniqueIdentifier>
    </Filter>
    <Filter Include="Header Files\PixSDLib\Singletons">
      <UniqueIdentifier>{d03cffff-b0df-432a-b2f7-fefe3a3255a4}</UniqueIdentifier>
    </Filter>
    <Filter Include="Header Files\PixSDLib\Misc">
      <UniqueIdentifier>{94bcde40-5519-40a9-8871-99f465bd3ab3}</UniqueIdentifier>
    </Filter>
    <Filter Include="Header Files\PixSDLib\Rendering">
      <UniqueIdentifier>{f057d085-de7b-45cd-962a-6fff3c09a2da}</UniqueIdentifier>
    </Filter>
    <Filter Include="Header Files\PixSDLib\Rendering\Texture">
      <UniqueIdentifier>{8c9117bd-cd29-4cae-9731-0f83ef7f278f}</UniqueIdentifier>
    </Filter>
    <Filter Include="Source Files\PixSDLib\Rendering">
      <UniqueIdentifier>{93c06cb5-b5f5-4867-a0a6-ec1fd2abedff}</UniqueIdentifier>
    </Filter>
    <Filter Include="Source Files\PixSDLib\Rendering\Texture">
      <UniqueIdentifier>{904e5410-d771-4aef-9890-96d274d6018c}</UniqueIdentifier>
    </Filter>
    <Filter Include="Header Files\PixSDLib\Math">
      <UniqueIdentifier>{c1d5316e-c6ae-4e42-b488-bc040264daab}</UniqueIdentifier>
    </Filter>
    <Filter Include="Source Files\PixSDLib\Math">
      <UniqueIdentifier>{19f54457-f986-4a27-be36-82727e7d9481}</UniqueIdentifier>
    </Filter>
    <Filter Include="Header Files\PixSDLib\GameLoop">
      <UniqueIdentifier>{1a815164-2bff-4c04-902c-484ad88feb20}</UniqueIdentifier>
    </Filter>
    <Filter Include="Source Files\PixSDLib\GameLoop">
      <UniqueIdentifier>{0b1754c7-2723-4c2f-88ee-4082a7d520ec}</UniqueIdentifier>
    </Filter>
    <Filter Include="Header Files\PixSDLib\Audio">
      <UniqueIdentifier>{68c123b8-eab5-430f-9d6f-5d045c835cbe}</UniqueIdentifier>
    </Filter>
    <Filter Include="Source Files\PixSDLib\Audio">
      <UniqueIdentifier>{029b46d2-7f7d-4d77-807f-c036a2aa0aaf}</UniqueIdentifier>
    </Filter>
    <Filter Include="Header Files\PixSDLib\Input">
      <UniqueIdentifier>{11f6efd7-7f73-41be-837b-86068447956b}</UniqueIdentifier>
    </Filter>
    <Filter Include="Source Files\PixSDLib\Input">
      <UniqueIdentifier>{c468b15e-12c8-46ad-ac47-937eaa260adf}</UniqueIdentifier>
    </Filter>
    <Filter Include="Header Files\PixSDLib\Entity">
      <UniqueIdentifier>{86252ce1-8f52-49ac-b399-3037d2058975}</UniqueIdentifier>
    </Filter>
    <Filter Include="Header Files\PixSDLib\Entity\Entity2D">
      <UniqueIdentifier>{1ddf56c5-2552-42c5-8453-2a736c6b3063}</UniqueIdentifier>
    </Filter>
    <Filter Include="Source Files\PixSDLib\Entity">
      <UniqueIdentifier>{9688638d-a654-49f2-aff3-937fb500d898}</UniqueIdentifier>
    </Filter>
    <Filter Include="Source Files\PixSDLib\Entity\Entitty2D">
      <UniqueIdentifier>{25b4c9e4-69e7-4b7b-9045-86b9ea6a7acf}</UniqueIdentifier>
    </Filter>
    <Filter Include="Header Files\PixSDLib\Rendering\Rendering2D">
      <UniqueIdentifier>{05875e37-94a2-419d-b89e-138e6a99ea6a}</UniqueIdentifier>
    </Filter>
    <Filter Include="Header Files\PixSDLib\Rendering\Rendering3D">
      <UniqueIdentifier>{993ac2b3-712b-4583-b600-5358fb630099}</UniqueIdentifier>
    </Filter>
    <Filter Include="Header Files\PixSDLib\Entity\Entity3D">
      <UniqueIdentifier>{08f8797d-881f-4b5d-8ddf-2f83db08924c}</UniqueIdentifier>
    </Filter>
    <Filter Include="Source Files\PixSDLib\Entity\Entity3D">
      <UniqueIdentifier>{cea7fd44-4159-471f-b010-8f088f676c7d}</UniqueIdentifier>
    </Filter>
    <Filter Include="Header Files\PixSDLib\SpriteAnimation">
      <UniqueIdentifier>{f6eb70cb-f973-4414-ac08-af8fdc57e934}</UniqueIdentifier>
    </Filter>
    <Filter Include="Header Files\PixSDLib\SpriteAnimation\SpriteAnimation2D">
      <UniqueIdentifier>{a4b5361d-e87b-4b39-a575-41143999a215}</UniqueIdentifier>
    </Filter>
    <Filter Include="Source Files\PixSDLib\SpriteAnimation">
      <UniqueIdentifier>{ea1c6590-7081-4e05-a750-a3132bdb5266}</UniqueIdentifier>
    </Filter>
    <Filter Include="Source Files\PixSDLib\SpriteAnimation\SpriteAnimation2D">
      <UniqueIdentifier>{6a91437b-c922-410f-9a9e-8593ac4efdf9}</UniqueIdentifier>
    </Filter>
  </ItemGroup>
  <ItemGroup>
    <ClCompile Include="ErrorLogger.cpp">
      <Filter>Source Files\PixSDLib\Singletons</Filter>
    </ClCompile>
    <ClCompile Include="Window.cpp">
      <Filter>Source Files\PixSDLib\Singletons</Filter>
    </ClCompile>
    <ClCompile Include="Renderer.cpp">
      <Filter>Source Files\PixSDLib\Singletons</Filter>
    </ClCompile>
    <ClCompile Include="Texture.cpp">
      <Filter>Source Files\PixSDLib\Rendering\Texture</Filter>
    </ClCompile>
    <ClCompile Include="TargetTexture.cpp">
      <Filter>Source Files\PixSDLib\Rendering\Texture</Filter>
    </ClCompile>
    <ClCompile Include="PixMath.cpp">
      <Filter>Source Files\PixSDLib\Math</Filter>
    </ClCompile>
    <ClCompile Include="Main.cpp">
      <Filter>Source Files</Filter>
    </ClCompile>
    <ClCompile Include="ImageTexture.cpp">
      <Filter>Source Files\PixSDLib\Rendering\Texture</Filter>
    </ClCompile>
    <ClCompile Include="TextTexture.cpp">
      <Filter>Source Files\PixSDLib\Rendering\Texture</Filter>
    </ClCompile>
    <ClCompile Include="StreamingTexture.cpp">
      <Filter>Source Files\PixSDLib\Rendering\Texture</Filter>
    </ClCompile>
    <ClCompile Include="LaunchConfig.cpp">
      <Filter>Source Files\PixSDLib\Singletons</Filter>
    </ClCompile>
    <ClCompile Include="GameLoop.cpp">
      <Filter>Source Files\PixSDLib\GameLoop</Filter>
    </ClCompile>
    <ClCompile Include="UpdateLoopScheduler.cpp">
      <Filter>Source Files\PixSDLib\GameLoop</Filter>
    </ClCompile>
    <ClCompile Include="Audio.cpp">
      <Filter>Source Files\PixSDLib\Singletons</Filter>
    </ClCompile>
    <ClCompile Include="Input.cpp">
      <Filter>Source Files\PixSDLib\Singletons</Filter>
    </ClCompile>
    <ClCompile Include="SoundEffect.cpp">
      <Filter>Source Files\PixSDLib\Audio</Filter>
    </ClCompile>
    <ClCompile Include="AbstractInputPump.cpp">
      <Filter>Source Files\PixSDLib\Input</Filter>
    </ClCompile>
    <ClCompile Include="ObjectInput.cpp">
      <Filter>Source Files\PixSDLib\Input</Filter>
    </ClCompile>
    <ClCompile Include="MoveableObject2D.cpp">
      <Filter>Source Files\PixSDLib\Entity\Entitty2D</Filter>
    </ClCompile>
    <ClCompile Include="Sprite2D.cpp">
      <Filter>Source Files\PixSDLib\Entity\Entitty2D</Filter>
    </ClCompile>
    <ClCompile Include="Sprite2DEx.cpp">
      <Filter>Source Files\PixSDLib\Entity\Entitty2D</Filter>
    </ClCompile>
    <ClCompile Include="Sprite2DExNode.cpp">
      <Filter>Source Files\PixSDLib\Entity\Entitty2D</Filter>
    </ClCompile>
    <ClCompile Include="Sprite2DNode.cpp">
      <Filter>Source Files\PixSDLib\Entity\Entitty2D</Filter>
    </ClCompile>
    <ClCompile Include="Sprite3DExNode.cpp">
      <Filter>Source Files\PixSDLib\Entity\Entity3D</Filter>
    </ClCompile>
    <ClCompile Include="Sprite3DNode.cpp">
      <Filter>Source Files\PixSDLib\Entity\Entity3D</Filter>
    </ClCompile>
    <ClCompile Include="MoveableObject3D.cpp">
      <Filter>Source Files\PixSDLib\Entity\Entity3D</Filter>
    </ClCompile>
    <ClCompile Include="Sprite3D.cpp">
      <Filter>Source Files\PixSDLib\Entity\Entity3D</Filter>
    </ClCompile>
    <ClCompile Include="Sprite3DEx.cpp">
      <Filter>Source Files\PixSDLib\Entity\Entity3D</Filter>
    </ClCompile>
    <ClCompile Include="SpriteMeshAnimatorUtils.cpp">
      <Filter>Source Files\PixSDLib\SpriteAnimation\SpriteAnimation2D</Filter>
    </ClCompile>
  </ItemGroup>
  <ItemGroup>
    <ClInclude Include="ErrorLogger.h">
      <Filter>Header Files\PixSDLib\Singletons</Filter>
    </ClInclude>
    <ClInclude Include="Uncopyable.h">
      <Filter>Header Files\PixSDLib\Misc</Filter>
    </ClInclude>
    <ClInclude Include="Window.h">
      <Filter>Header Files\PixSDLib\Singletons</Filter>
    </ClInclude>
    <ClInclude Include="Renderer.h">
      <Filter>Header Files\PixSDLib\Singletons</Filter>
    </ClInclude>
    <ClInclude Include="Texture.h">
      <Filter>Header Files\PixSDLib\Rendering\Texture</Filter>
    </ClInclude>
    <ClInclude Include="TargetTexture.h">
      <Filter>Header Files\PixSDLib\Rendering\Texture</Filter>
    </ClInclude>
    <ClInclude Include="PixMath.h">
      <Filter>Header Files\PixSDLib\Math</Filter>
    </ClInclude>
    <ClInclude Include="ImageTexture.h">
      <Filter>Header Files\PixSDLib\Rendering\Texture</Filter>
    </ClInclude>
    <ClInclude Include="TextTexture.h">
      <Filter>Header Files\PixSDLib\Rendering\Texture</Filter>
    </ClInclude>
    <ClInclude Include="StreamingTexture.h">
      <Filter>Header Files\PixSDLib\Rendering\Texture</Filter>
    </ClInclude>
    <ClInclude Include="LaunchConfig.h">
      <Filter>Header Files\PixSDLib\Singletons</Filter>
    </ClInclude>
    <ClInclude Include="GameLoop.h">
      <Filter>Header Files\PixSDLib\GameLoop</Filter>
    </ClInclude>
    <ClInclude Include="UpdateLoopScheduler.h">
      <Filter>Header Files\PixSDLib\GameLoop</Filter>
    </ClInclude>
    <ClInclude Include="Audio.h">
      <Filter>Header Files\PixSDLib\Singletons</Filter>
    </ClInclude>
    <ClInclude Include="Input.h">
      <Filter>Header Files\PixSDLib\Singletons</Filter>
    </ClInclude>
    <ClInclude Include="SoundEffect.h">
      <Filter>Header Files\PixSDLib\Audio</Filter>
    </ClInclude>
    <ClInclude Include="AbstractInputPump.h">
      <Filter>Header Files\PixSDLib\Input</Filter>
    </ClInclude>
    <ClInclude Include="InputPumps.h">
      <Filter>Header Files\PixSDLib\Input</Filter>
    </ClInclude>
    <ClInclude Include="ObjectInput.h">
      <Filter>Header Files\PixSDLib\Input</Filter>
    </ClInclude>
    <ClInclude Include="MoveableObject2D.h">
      <Filter>Header Files\PixSDLib\Entity\Entity2D</Filter>
    </ClInclude>
    <ClInclude Include="Sprite2D.h">
      <Filter>Header Files\PixSDLib\Entity\Entity2D</Filter>
    </ClInclude>
    <ClInclude Include="Sprite2DEx.h">
      <Filter>Header Files\PixSDLib\Entity\Entity2D</Filter>
    </ClInclude>
    <ClInclude Include="Sprite2DNode.h">
      <Filter>Header Files\PixSDLib\Entity\Entity2D</Filter>
    </ClInclude>
    <ClInclude Include="Sprite2DExNode.h">
      <Filter>Header Files\PixSDLib\Entity\Entity2D</Filter>
    </ClInclude>
    <ClInclude Include="SpriteMesh.h">
      <Filter>Header Files\PixSDLib\Rendering\Rendering2D</Filter>
    </ClInclude>
    <ClInclude Include="TriangleMesh2D.h">
      <Filter>Header Files\PixSDLib\Rendering\Rendering2D</Filter>
    </ClInclude>
    <ClInclude Include="TexCoordsTypes.h">
      <Filter>Header Files\PixSDLib\Rendering\Rendering2D</Filter>
    </ClInclude>
    <ClInclude Include="TriangleMesh3D.h">
      <Filter>Header Files\PixSDLib\Rendering\Rendering3D</Filter>
    </ClInclude>
    <ClInclude Include="MoveableObject3D.h">
      <Filter>Header Files\PixSDLib\Entity\Entity3D</Filter>
    </ClInclude>
    <ClInclude Include="Sprite3D.h">
      <Filter>Header Files\PixSDLib\Entity\Entity3D</Filter>
    </ClInclude>
    <ClInclude Include="Sprite3DEx.h">
      <Filter>Header Files\PixSDLib\Entity\Entity3D</Filter>
    </ClInclude>
    <ClInclude Include="Sprite3DNode.h">
      <Filter>Header Files\PixSDLib\Entity\Entity3D</Filter>
    </ClInclude>
    <ClInclude Include="Sprite3DExNode.h">
      <Filter>Header Files\PixSDLib\Entity\Entity3D</Filter>
    </ClInclude>
    <ClInclude Include="SpriteMeshAnimator.h">
      <Filter>Header Files\PixSDLib\SpriteAnimation\SpriteAnimation2D</Filter>
    </ClInclude>
    <ClInclude Include="SpriteMeshAnimatorUtils.h">
      <Filter>Header Files\PixSDLib\SpriteAnimation\SpriteAnimation2D</Filter>
    </ClInclude>
    <ClInclude Include="TexCoordsUtils.h">
      <Filter>Header Files\PixSDLib\Rendering</Filter>
    </ClInclude>
  </ItemGroup>
</Project>